Microsoft Visual Studio Solution File, Format Version 12.00
# Visual Studio Version 17
VisualStudioVersion = 17.5.2.0
MinimumVisualStudioVersion = 10.0.40219.1
Project("{FAE04EC0-301F-11D3-BF4B-00C04F79EFBC}") = "UnifiedInventory", "UnifiedInventory.csproj", "{8B60C0E0-2C56-9F55-6877-3531F0D36977}"
EndProject
Global
	GlobalSection(SolutionConfigurationPlatforms) = preSolution
		Debug|Any CPU = Debug|Any CPU
		Release|Any CPU = Release|Any CPU
	EndGlobalSection
	GlobalSection(ProjectConfigurationPlatforms) = postSolution
		{8B60C0E0-2C56-9F55-6877-3531F0D36977}.Debug|Any CPU.ActiveCfg = Debug|Any CPU
		{8B60C0E0-2C56-9F55-6877-3531F0D36977}.Debug|Any CPU.Build.0 = Debug|Any CPU
		{8B60C0E0-2C56-9F55-6877-3531F0D36977}.Release|Any CPU.ActiveCfg = Release|Any CPU
		{8B60C0E0-2C56-9F55-6877-3531F0D36977}.Release|Any CPU.Build.0 = Release|Any CPU
	EndGlobalSection
	GlobalSection(SolutionProperties) = preSolution
		HideSolutionNode = FALSE
	EndGlobalSection
	GlobalSection(ExtensibilityGlobals) = postSolution
		SolutionGuid = {706F8A6D-0696-4BB0-B373-75FD8586102C}
	EndGlobalSection
EndGlobal
